
Microsoft Visual Studio Solution File, Format Version 12.00
# Visual Studio 15
VisualStudioVersion = 15.0.27703.2035
MinimumVisualStudioVersion = 10.0.40219.1
Project("{2150E333-8FDC-42A3-9474-1A3956D46DE8}") = "Colligo.O365Product.RM", "Colligo.O365Product.RM", "{8A332BEF-941D-4AFC-87D7-1EE82C3F2EC7}"
EndProject
Project("{2150E333-8FDC-42A3-9474-1A3956D46DE8}") = "Colligo.O365Product.Common", "Colligo.O365Product.Common", "{2419AE2B-29C5-4C34-AF71-65040CE77CB9}"
EndProject
Project("{2150E333-8FDC-42A3-9474-1A3956D46DE8}") = "Colligo.O365Product.Service", "Colligo.O365Product.Service", "{514AB0DE-975A-43AC-95FA-3E62C8DEB92B}"
EndProject
Project("{FAE04EC0-301F-11D3-BF4B-00C04F79EFBC}") = "Colligo.O365Product.SharePointHelper", "Colligo.O365Product.SharePointHelper\Colligo.O365Product.SharePointHelper.csproj", "{A6670C26-7847-4BB7-80BA-90AE1BE24A52}"
EndProject
Project("{FAE04EC0-301F-11D3-BF4B-00C04F79EFBC}") = "Colligo.O365Product.Helper", "Colligo.O365Product.Helper\Colligo.O365Product.Helper.csproj", "{FEF348F1-8313-4589-A662-9C464010A51B}"
EndProject
Project("{FAE04EC0-301F-11D3-BF4B-00C04F79EFBC}") = "Colligo.O365Product.HttpUtility", "Colligo.O365Product.HttpUtility\Colligo.O365Product.HttpUtility.csproj", "{E8C9DD47-37A1-4CD6-B438-EAFC939FA811}"
EndProject
Project("{FAE04EC0-301F-11D3-BF4B-00C04F79EFBC}") = "Colligo.O365Product.RM.SPContentWebJob", "Colligo.O365Product.RM.SPContentWebJob\Colligo.O365Product.RM.SPContentWebJob.csproj", "{3B9A792D-C88C-4B17-A9A4-2297E77BB1FB}"
EndProject
Project("{FAE04EC0-301F-11D3-BF4B-00C04F79EFBC}") = "Colligo.O365Product.ADGUpdateWebJob", "Colligo.O365Product.ADGUpdateWebJob\Colligo.O365Product.ADGUpdateWebJob.csproj", "{A16444A8-7DF9-4789-845B-79CB711A0AC8}"
EndProject
Project("{FAE04EC0-301F-11D3-BF4B-00C04F79EFBC}") = "Colligo.O365Product.RM.Web", "Colligo.O365Product.RM.Web\Colligo.O365Product.RM.Web.csproj", "{6912BCA7-1880-4711-8E26-006BFAE1D3B3}"
EndProject
Project("{FAE04EC0-301F-11D3-BF4B-00C04F79EFBC}") = "Colligo.O365Product.RM.Web.Tests", "Colligo.O365Product.RM.Web.Tests\Colligo.O365Product.RM.Web.Tests.csproj", "{026B6CE1-1DE1-45DA-A2BE-719EB1A6360B}"
EndProject
Project("{2150E333-8FDC-42A3-9474-1A3956D46DE8}") = "Colligo.O365Product.RM.Admin", "Colligo.O365Product.RM.Admin", "{0FB073D9-1E42-4D8D-8E64-705F88891BBD}"
EndProject
Project("{2150E333-8FDC-42A3-9474-1A3956D46DE8}") = "DatabaseScript", "DatabaseScript", "{FE406FED-BD70-4AC2-AC4C-43F74F638955}"
	ProjectSection(SolutionItems) = preProject
		DB_Initial_SeedData_20181114.sql = DB_Initial_SeedData_20181114.sql
		DB_Schema_Initial_20181114.sql = DB_Schema_Initial_20181114.sql
	EndProjectSection
EndProject
Project("{FAE04EC0-301F-11D3-BF4B-00C04F79EFBC}") = "Colligo.O365Product.RM.AdminAPI", "Colligo.O365Product.RM.AdminAPI\Colligo.O365Product.RM.AdminAPI.csproj", "{212EEE9B-ACAA-430E-8765-667D2F8FCD9C}"
EndProject
Project("{FAE04EC0-301F-11D3-BF4B-00C04F79EFBC}") = "Colligo.O365Product.RM.AdminAPI.Tests", "Colligo.O365Product.RM.AdminAPI.Tests\Colligo.O365Product.RM.AdminAPI.Tests.csproj", "{0C8985C6-58BB-4D92-9519-595C145BC67E}"
EndProject
Project("{FAE04EC0-301F-11D3-BF4B-00C04F79EFBC}") = "Colligo.O365Product.RM.Admin.Data", "Colligo.O365Product.RM.Admin.Data\Colligo.O365Product.RM.Admin.Data.csproj", "{D2EBD7D3-E141-451B-9F46-EB939CF067B2}"
EndProject
Project("{FAE04EC0-301F-11D3-BF4B-00C04F79EFBC}") = "Colligo.O365Product.RM.Admin.Framework", "Colligo.O365Product.Admin.Framework\Colligo.O365Product.RM.Admin.Framework.csproj", "{C7CB9BCA-597B-4B3D-ACE7-2A7190A08562}"
EndProject
Project("{FAE04EC0-301F-11D3-BF4B-00C04F79EFBC}") = "Colligo.O365Product.RM.Admin.Security", "Colligo.O365Product.RM.Admin.Security\Colligo.O365Product.RM.Admin.Security.csproj", "{7CC01E03-8A35-4658-A492-C66212A7C670}"
EndProject
Project("{FAE04EC0-301F-11D3-BF4B-00C04F79EFBC}") = "Colligo.O365Product.RM.Admin.BLL", "Colligo.O365Product.RM.Admin.BLL\Colligo.O365Product.RM.Admin.BLL.csproj", "{F39C72A7-0A8E-48E3-95EE-CC75098C30FF}"
EndProject
Project("{FAE04EC0-301F-11D3-BF4B-00C04F79EFBC}") = "Colligo.O365Product.RM.Admin.DAL", "Colligo.O365Product.RM.Admin.DAL\Colligo.O365Product.RM.Admin.DAL.csproj", "{A689931C-25E3-4CCD-9350-0B2AD6BE1326}"
EndProject
Project("{FAE04EC0-301F-11D3-BF4B-00C04F79EFBC}") = "Colligo.O365Product.APIConstant", "Colligo.O365Product.APIConstant\Colligo.O365Product.APIConstant.csproj", "{D112A813-8F4B-430A-BF17-8347B9F328C2}"
EndProject
Project("{FAE04EC0-301F-11D3-BF4B-00C04F79EFBC}") = "Colligo.O365Product.EmailService", "Colligo.O365Product.EmailService\Colligo.O365Product.EmailService.csproj", "{E45D9B07-65FF-4A96-A7F9-766CD1AE8440}"
EndProject
Project("{FAE04EC0-301F-11D3-BF4B-00C04F79EFBC}") = "Colligo.O365Product.SPServiceAPI", "Colligo.O365Product.SPServiceAPI\Colligo.O365Product.SPServiceAPI.csproj", "{D4107309-785A-4F80-9F3B-43972831013B}"
EndProject
Project("{FAE04EC0-301F-11D3-BF4B-00C04F79EFBC}") = "Colligo.O365Product.SharePointData", "Colligo.O365Product.SharePointData\Colligo.O365Product.SharePointData.csproj", "{09BF31FD-EC4D-45C1-A6D7-916AB6917E26}"
EndProject
Project("{FAE04EC0-301F-11D3-BF4B-00C04F79EFBC}") = "Colligo.O365Product.LoggerService", "Colligo.O365Product.LoggerService\Colligo.O365Product.LoggerService.csproj", "{7A82101C-AEB2-493F-8159-8F8030BF0F1C}"
EndProject
Project("{FAE04EC0-301F-11D3-BF4B-00C04F79EFBC}") = "Colligo.O365Product.ServiceInterface", "Colligo.O365Product.ServiceInterface\Colligo.O365Product.ServiceInterface.csproj", "{7D1577C4-ED42-4137-8EC9-8D98987C2CED}"
EndProject
Project("{FAE04EC0-301F-11D3-BF4B-00C04F79EFBC}") = "Colligo.O365Product.RM.Model", "Colligo.O365Product.RM.Model\Colligo.O365Product.RM.Model.csproj", "{2EB0C73F-804E-47A2-89BF-C65A17063CCD}"
EndProject
Project("{FAE04EC0-301F-11D3-BF4B-00C04F79EFBC}") = "Colligo.O365Product.Model", "Colligo.O365Product.Model\Colligo.O365Product.Model.csproj", "{3B475C28-59E0-4784-A98A-B1121B8F27E3}"
EndProject
Project("{FAE04EC0-301F-11D3-BF4B-00C04F79EFBC}") = "Colligo.O365Product.Security", "Colligo.O365Product.Security\Colligo.O365Product.Security.csproj", "{A54EF109-DEDD-46C4-AC1A-A8658FC29F7D}"
EndProject
Project("{FAE04EC0-301F-11D3-BF4B-00C04F79EFBC}") = "Colligo.O365Product.AdminApiService", "Colligo.O365Product.AdminApiService\Colligo.O365Product.AdminApiService.csproj", "{15ECA3CA-AAD8-4CCC-985F-1497B300D071}"
EndProject
Project("{FAE04EC0-301F-11D3-BF4B-00C04F79EFBC}") = "Colligo.O365Product.ScriptRunner", "Colligo.O365Product.ScriptRunner\Colligo.O365Product.ScriptRunner.csproj", "{C8D65AB7-100F-4B35-AF74-6FE568F6ED4E}"
EndProject
Global
	GlobalSection(SolutionConfigurationPlatforms) = preSolution
		Debug|Any CPU = Debug|Any CPU
		Release|Any CPU = Release|Any CPU
	EndGlobalSection
	GlobalSection(ProjectConfigurationPlatforms) = postSolution
		{A6670C26-7847-4BB7-80BA-90AE1BE24A52}.Debug|Any CPU.ActiveCfg = Debug|Any CPU
		{A6670C26-7847-4BB7-80BA-90AE1BE24A52}.Debug|Any CPU.Build.0 = Debug|Any CPU
		{A6670C26-7847-4BB7-80BA-90AE1BE24A52}.Release|Any CPU.ActiveCfg = Release|Any CPU
		{A6670C26-7847-4BB7-80BA-90AE1BE24A52}.Release|Any CPU.Build.0 = Release|Any CPU
		{FEF348F1-8313-4589-A662-9C464010A51B}.Debug|Any CPU.ActiveCfg = Debug|Any CPU
		{FEF348F1-8313-4589-A662-9C464010A51B}.Debug|Any CPU.Build.0 = Debug|Any CPU
		{FEF348F1-8313-4589-A662-9C464010A51B}.Release|Any CPU.ActiveCfg = Release|Any CPU
		{FEF348F1-8313-4589-A662-9C464010A51B}.Release|Any CPU.Build.0 = Release|Any CPU
		{E8C9DD47-37A1-4CD6-B438-EAFC939FA811}.Debug|Any CPU.ActiveCfg = Debug|Any CPU
		{E8C9DD47-37A1-4CD6-B438-EAFC939FA811}.Debug|Any CPU.Build.0 = Debug|Any CPU
		{E8C9DD47-37A1-4CD6-B438-EAFC939FA811}.Release|Any CPU.ActiveCfg = Release|Any CPU
		{E8C9DD47-37A1-4CD6-B438-EAFC939FA811}.Release|Any CPU.Build.0 = Release|Any CPU
		{3B9A792D-C88C-4B17-A9A4-2297E77BB1FB}.Debug|Any CPU.ActiveCfg = Debug|Any CPU
		{3B9A792D-C88C-4B17-A9A4-2297E77BB1FB}.Debug|Any CPU.Build.0 = Debug|Any CPU
		{3B9A792D-C88C-4B17-A9A4-2297E77BB1FB}.Release|Any CPU.ActiveCfg = Release|Any CPU
		{3B9A792D-C88C-4B17-A9A4-2297E77BB1FB}.Release|Any CPU.Build.0 = Release|Any CPU
		{A16444A8-7DF9-4789-845B-79CB711A0AC8}.Debug|Any CPU.ActiveCfg = Debug|Any CPU
		{A16444A8-7DF9-4789-845B-79CB711A0AC8}.Debug|Any CPU.Build.0 = Debug|Any CPU
		{A16444A8-7DF9-4789-845B-79CB711A0AC8}.Release|Any CPU.ActiveCfg = Release|Any CPU
		{A16444A8-7DF9-4789-845B-79CB711A0AC8}.Release|Any CPU.Build.0 = Release|Any CPU
		{6912BCA7-1880-4711-8E26-006BFAE1D3B3}.Debug|Any CPU.ActiveCfg = Debug|Any CPU
		{6912BCA7-1880-4711-8E26-006BFAE1D3B3}.Debug|Any CPU.Build.0 = Debug|Any CPU
		{6912BCA7-1880-4711-8E26-006BFAE1D3B3}.Release|Any CPU.ActiveCfg = Release|Any CPU
		{6912BCA7-1880-4711-8E26-006BFAE1D3B3}.Release|Any CPU.Build.0 = Release|Any CPU
		{026B6CE1-1DE1-45DA-A2BE-719EB1A6360B}.Debug|Any CPU.ActiveCfg = Debug|Any CPU
		{026B6CE1-1DE1-45DA-A2BE-719EB1A6360B}.Debug|Any CPU.Build.0 = Debug|Any CPU
		{026B6CE1-1DE1-45DA-A2BE-719EB1A6360B}.Release|Any CPU.ActiveCfg = Release|Any CPU
		{026B6CE1-1DE1-45DA-A2BE-719EB1A6360B}.Release|Any CPU.Build.0 = Release|Any CPU
		{212EEE9B-ACAA-430E-8765-667D2F8FCD9C}.Debug|Any CPU.ActiveCfg = Debug|Any CPU
		{212EEE9B-ACAA-430E-8765-667D2F8FCD9C}.Debug|Any CPU.Build.0 = Debug|Any CPU
		{212EEE9B-ACAA-430E-8765-667D2F8FCD9C}.Release|Any CPU.ActiveCfg = Release|Any CPU
		{212EEE9B-ACAA-430E-8765-667D2F8FCD9C}.Release|Any CPU.Build.0 = Release|Any CPU
		{0C8985C6-58BB-4D92-9519-595C145BC67E}.Debug|Any CPU.ActiveCfg = Debug|Any CPU
		{0C8985C6-58BB-4D92-9519-595C145BC67E}.Debug|Any CPU.Build.0 = Debug|Any CPU
		{0C8985C6-58BB-4D92-9519-595C145BC67E}.Release|Any CPU.ActiveCfg = Release|Any CPU
		{0C8985C6-58BB-4D92-9519-595C145BC67E}.Release|Any CPU.Build.0 = Release|Any CPU
		{D2EBD7D3-E141-451B-9F46-EB939CF067B2}.Debug|Any CPU.ActiveCfg = Debug|Any CPU
		{D2EBD7D3-E141-451B-9F46-EB939CF067B2}.Debug|Any CPU.Build.0 = Debug|Any CPU
		{D2EBD7D3-E141-451B-9F46-EB939CF067B2}.Release|Any CPU.ActiveCfg = Release|Any CPU
		{D2EBD7D3-E141-451B-9F46-EB939CF067B2}.Release|Any CPU.Build.0 = Release|Any CPU
		{C7CB9BCA-597B-4B3D-ACE7-2A7190A08562}.Debug|Any CPU.ActiveCfg = Debug|Any CPU
		{C7CB9BCA-597B-4B3D-ACE7-2A7190A08562}.Debug|Any CPU.Build.0 = Debug|Any CPU
		{C7CB9BCA-597B-4B3D-ACE7-2A7190A08562}.Release|Any CPU.ActiveCfg = Release|Any CPU
		{C7CB9BCA-597B-4B3D-ACE7-2A7190A08562}.Release|Any CPU.Build.0 = Release|Any CPU
		{7CC01E03-8A35-4658-A492-C66212A7C670}.Debug|Any CPU.ActiveCfg = Debug|Any CPU
		{7CC01E03-8A35-4658-A492-C66212A7C670}.Debug|Any CPU.Build.0 = Debug|Any CPU
		{7CC01E03-8A35-4658-A492-C66212A7C670}.Release|Any CPU.ActiveCfg = Release|Any CPU
		{7CC01E03-8A35-4658-A492-C66212A7C670}.Release|Any CPU.Build.0 = Release|Any CPU
		{F39C72A7-0A8E-48E3-95EE-CC75098C30FF}.Debug|Any CPU.ActiveCfg = Debug|Any CPU
		{F39C72A7-0A8E-48E3-95EE-CC75098C30FF}.Debug|Any CPU.Build.0 = Debug|Any CPU
		{F39C72A7-0A8E-48E3-95EE-CC75098C30FF}.Release|Any CPU.ActiveCfg = Release|Any CPU
		{F39C72A7-0A8E-48E3-95EE-CC75098C30FF}.Release|Any CPU.Build.0 = Release|Any CPU
		{A689931C-25E3-4CCD-9350-0B2AD6BE1326}.Debug|Any CPU.ActiveCfg = Debug|Any CPU
		{A689931C-25E3-4CCD-9350-0B2AD6BE1326}.Debug|Any CPU.Build.0 = Debug|Any CPU
		{A689931C-25E3-4CCD-9350-0B2AD6BE1326}.Release|Any CPU.ActiveCfg = Release|Any CPU
		{A689931C-25E3-4CCD-9350-0B2AD6BE1326}.Release|Any CPU.Build.0 = Release|Any CPU
		{D112A813-8F4B-430A-BF17-8347B9F328C2}.Debug|Any CPU.ActiveCfg = Debug|Any CPU
		{D112A813-8F4B-430A-BF17-8347B9F328C2}.Debug|Any CPU.Build.0 = Debug|Any CPU
		{D112A813-8F4B-430A-BF17-8347B9F328C2}.Release|Any CPU.ActiveCfg = Release|Any CPU
		{D112A813-8F4B-430A-BF17-8347B9F328C2}.Release|Any CPU.Build.0 = Release|Any CPU
		{E45D9B07-65FF-4A96-A7F9-766CD1AE8440}.Debug|Any CPU.ActiveCfg = Debug|Any CPU
		{E45D9B07-65FF-4A96-A7F9-766CD1AE8440}.Debug|Any CPU.Build.0 = Debug|Any CPU
		{E45D9B07-65FF-4A96-A7F9-766CD1AE8440}.Release|Any CPU.ActiveCfg = Release|Any CPU
		{E45D9B07-65FF-4A96-A7F9-766CD1AE8440}.Release|Any CPU.Build.0 = Release|Any CPU
		{D4107309-785A-4F80-9F3B-43972831013B}.Debug|Any CPU.ActiveCfg = Debug|Any CPU
		{D4107309-785A-4F80-9F3B-43972831013B}.Debug|Any CPU.Build.0 = Debug|Any CPU
		{D4107309-785A-4F80-9F3B-43972831013B}.Release|Any CPU.ActiveCfg = Release|Any CPU
		{D4107309-785A-4F80-9F3B-43972831013B}.Release|Any CPU.Build.0 = Release|Any CPU
		{09BF31FD-EC4D-45C1-A6D7-916AB6917E26}.Debug|Any CPU.ActiveCfg = Debug|Any CPU
		{09BF31FD-EC4D-45C1-A6D7-916AB6917E26}.Debug|Any CPU.Build.0 = Debug|Any CPU
		{09BF31FD-EC4D-45C1-A6D7-916AB6917E26}.Release|Any CPU.ActiveCfg = Release|Any CPU
		{09BF31FD-EC4D-45C1-A6D7-916AB6917E26}.Release|Any CPU.Build.0 = Release|Any CPU
		{7A82101C-AEB2-493F-8159-8F8030BF0F1C}.Debug|Any CPU.ActiveCfg = Debug|Any CPU
		{7A82101C-AEB2-493F-8159-8F8030BF0F1C}.Debug|Any CPU.Build.0 = Debug|Any CPU
		{7A82101C-AEB2-493F-8159-8F8030BF0F1C}.Release|Any CPU.ActiveCfg = Release|Any CPU
		{7A82101C-AEB2-493F-8159-8F8030BF0F1C}.Release|Any CPU.Build.0 = Release|Any CPU
		{7D1577C4-ED42-4137-8EC9-8D98987C2CED}.Debug|Any CPU.ActiveCfg = Debug|Any CPU
		{7D1577C4-ED42-4137-8EC9-8D98987C2CED}.Debug|Any CPU.Build.0 = Debug|Any CPU
		{7D1577C4-ED42-4137-8EC9-8D98987C2CED}.Release|Any CPU.ActiveCfg = Release|Any CPU
		{7D1577C4-ED42-4137-8EC9-8D98987C2CED}.Release|Any CPU.Build.0 = Release|Any CPU
		{2EB0C73F-804E-47A2-89BF-C65A17063CCD}.Debug|Any CPU.ActiveCfg = Debug|Any CPU
		{2EB0C73F-804E-47A2-89BF-C65A17063CCD}.Debug|Any CPU.Build.0 = Debug|Any CPU
		{2EB0C73F-804E-47A2-89BF-C65A17063CCD}.Release|Any CPU.ActiveCfg = Release|Any CPU
		{2EB0C73F-804E-47A2-89BF-C65A17063CCD}.Release|Any CPU.Build.0 = Release|Any CPU
		{3B475C28-59E0-4784-A98A-B1121B8F27E3}.Debug|Any CPU.ActiveCfg = Debug|Any CPU
		{3B475C28-59E0-4784-A98A-B1121B8F27E3}.Debug|Any CPU.Build.0 = Debug|Any CPU
		{3B475C28-59E0-4784-A98A-B1121B8F27E3}.Release|Any CPU.ActiveCfg = Release|Any CPU
		{3B475C28-59E0-4784-A98A-B1121B8F27E3}.Release|Any CPU.Build.0 = Release|Any CPU
		{A54EF109-DEDD-46C4-AC1A-A8658FC29F7D}.Debug|Any CPU.ActiveCfg = Debug|Any CPU
		{A54EF109-DEDD-46C4-AC1A-A8658FC29F7D}.Debug|Any CPU.Build.0 = Debug|Any CPU
		{A54EF109-DEDD-46C4-AC1A-A8658FC29F7D}.Release|Any CPU.ActiveCfg = Release|Any CPU
		{A54EF109-DEDD-46C4-AC1A-A8658FC29F7D}.Release|Any CPU.Build.0 = Release|Any CPU
		{15ECA3CA-AAD8-4CCC-985F-1497B300D071}.Debug|Any CPU.ActiveCfg = Debug|Any CPU
		{15ECA3CA-AAD8-4CCC-985F-1497B300D071}.Debug|Any CPU.Build.0 = Debug|Any CPU
		{15ECA3CA-AAD8-4CCC-985F-1497B300D071}.Release|Any CPU.ActiveCfg = Release|Any CPU
		{15ECA3CA-AAD8-4CCC-985F-1497B300D071}.Release|Any CPU.Build.0 = Release|Any CPU
		{C8D65AB7-100F-4B35-AF74-6FE568F6ED4E}.Debug|Any CPU.ActiveCfg = Debug|Any CPU
		{C8D65AB7-100F-4B35-AF74-6FE568F6ED4E}.Debug|Any CPU.Build.0 = Debug|Any CPU
		{C8D65AB7-100F-4B35-AF74-6FE568F6ED4E}.Release|Any CPU.ActiveCfg = Release|Any CPU
		{C8D65AB7-100F-4B35-AF74-6FE568F6ED4E}.Release|Any CPU.Build.0 = Release|Any CPU
	EndGlobalSection
	GlobalSection(SolutionProperties) = preSolution
		HideSolutionNode = FALSE
	EndGlobalSection
	GlobalSection(NestedProjects) = preSolution
		{A6670C26-7847-4BB7-80BA-90AE1BE24A52} = {2419AE2B-29C5-4C34-AF71-65040CE77CB9}
		{FEF348F1-8313-4589-A662-9C464010A51B} = {2419AE2B-29C5-4C34-AF71-65040CE77CB9}
		{E8C9DD47-37A1-4CD6-B438-EAFC939FA811} = {2419AE2B-29C5-4C34-AF71-65040CE77CB9}
		{3B9A792D-C88C-4B17-A9A4-2297E77BB1FB} = {8A332BEF-941D-4AFC-87D7-1EE82C3F2EC7}
		{A16444A8-7DF9-4789-845B-79CB711A0AC8} = {8A332BEF-941D-4AFC-87D7-1EE82C3F2EC7}
		{6912BCA7-1880-4711-8E26-006BFAE1D3B3} = {8A332BEF-941D-4AFC-87D7-1EE82C3F2EC7}
		{026B6CE1-1DE1-45DA-A2BE-719EB1A6360B} = {8A332BEF-941D-4AFC-87D7-1EE82C3F2EC7}
		{0FB073D9-1E42-4D8D-8E64-705F88891BBD} = {8A332BEF-941D-4AFC-87D7-1EE82C3F2EC7}
		{FE406FED-BD70-4AC2-AC4C-43F74F638955} = {0FB073D9-1E42-4D8D-8E64-705F88891BBD}
		{212EEE9B-ACAA-430E-8765-667D2F8FCD9C} = {0FB073D9-1E42-4D8D-8E64-705F88891BBD}
		{0C8985C6-58BB-4D92-9519-595C145BC67E} = {0FB073D9-1E42-4D8D-8E64-705F88891BBD}
		{D2EBD7D3-E141-451B-9F46-EB939CF067B2} = {0FB073D9-1E42-4D8D-8E64-705F88891BBD}
		{C7CB9BCA-597B-4B3D-ACE7-2A7190A08562} = {0FB073D9-1E42-4D8D-8E64-705F88891BBD}
		{7CC01E03-8A35-4658-A492-C66212A7C670} = {0FB073D9-1E42-4D8D-8E64-705F88891BBD}
		{F39C72A7-0A8E-48E3-95EE-CC75098C30FF} = {0FB073D9-1E42-4D8D-8E64-705F88891BBD}
		{A689931C-25E3-4CCD-9350-0B2AD6BE1326} = {0FB073D9-1E42-4D8D-8E64-705F88891BBD}
		{D112A813-8F4B-430A-BF17-8347B9F328C2} = {2419AE2B-29C5-4C34-AF71-65040CE77CB9}
		{E45D9B07-65FF-4A96-A7F9-766CD1AE8440} = {514AB0DE-975A-43AC-95FA-3E62C8DEB92B}
		{D4107309-785A-4F80-9F3B-43972831013B} = {514AB0DE-975A-43AC-95FA-3E62C8DEB92B}
		{09BF31FD-EC4D-45C1-A6D7-916AB6917E26} = {2419AE2B-29C5-4C34-AF71-65040CE77CB9}
		{7A82101C-AEB2-493F-8159-8F8030BF0F1C} = {514AB0DE-975A-43AC-95FA-3E62C8DEB92B}
		{7D1577C4-ED42-4137-8EC9-8D98987C2CED} = {2419AE2B-29C5-4C34-AF71-65040CE77CB9}
		{2EB0C73F-804E-47A2-89BF-C65A17063CCD} = {8A332BEF-941D-4AFC-87D7-1EE82C3F2EC7}
		{3B475C28-59E0-4784-A98A-B1121B8F27E3} = {2419AE2B-29C5-4C34-AF71-65040CE77CB9}
		{A54EF109-DEDD-46C4-AC1A-A8658FC29F7D} = {2419AE2B-29C5-4C34-AF71-65040CE77CB9}
		{15ECA3CA-AAD8-4CCC-985F-1497B300D071} = {514AB0DE-975A-43AC-95FA-3E62C8DEB92B}
		{C8D65AB7-100F-4B35-AF74-6FE568F6ED4E} = {2419AE2B-29C5-4C34-AF71-65040CE77CB9}
	EndGlobalSection
	GlobalSection(ExtensibilityGlobals) = postSolution
		SolutionGuid = {10E10496-A52A-4815-A2D5-7AB19BEA5067}
	EndGlobalSection
EndGlobal
